
Microsoft Visual Studio Solution File, Format Version 12.00
# Visual Studio Version 17
VisualStudioVersion = 17.7.34031.279
MinimumVisualStudioVersion = 10.0.40219.1
Project("{9A19103F-16F7-4668-BE54-9A1E7A4F7556}") = "SampleApp", "SampleApp\SampleApp.csproj", "{7AF53806-57B8-4228-A54A-F0DEA63CDB7B}"
EndProject
Project("{9A19103F-16F7-4668-BE54-9A1E7A4F7556}") = "SampleLib", "SampleLib\SampleLib.csproj", "{46A0EDF0-2D38-4D1D-8291-D08C99E28A20}"
EndProject
Project("{9A19103F-16F7-4668-BE54-9A1E7A4F7556}") = "ShapesLib", "ShapesLib\ShapesLib.csproj", "{8A4AC4DB-C1FA-4C77-92AC-1D7F7D1FD373}"
EndProject
Project("{9A19103F-16F7-4668-BE54-9A1E7A4F7556}") = "ShapesApp", "ShapesApp\ShapesApp.csproj", "{A8B0858D-780D-4E1C-928E-CEF98B346F2A}"
EndProject
Project("{9A19103F-16F7-4668-BE54-9A1E7A4F7556}") = "DrawApplication", "DrawApplication\DrawApplication.csproj", "{7BD7B027-4F23-4F11-BF8F-CE945F8CE62C}"
EndProject
Project("{9A19103F-16F7-4668-BE54-9A1E7A4F7556}") = "LanguageFeatures", "LanguageFeatures\LanguageFeatures.csproj", "{3F799DDD-4BBB-450E-8559-6A3A2704657C}"
EndProject
Project("{FAE04EC0-301F-11D3-BF4B-00C04F79EFBC}") = "FileIO", "FileIO\FileIO.csproj", "{3A1842C5-1752-4CF3-A246-66A300984FCC}"
EndProject
Global
	GlobalSection(SolutionConfigurationPlatforms) = preSolution
		Debug|Any CPU = Debug|Any CPU
		Release|Any CPU = Release|Any CPU
	EndGlobalSection
	GlobalSection(ProjectConfigurationPlatforms) = postSolution
		{7AF53806-57B8-4228-A54A-F0DEA63CDB7B}.Debug|Any CPU.ActiveCfg = Debug|Any CPU
		{7AF53806-57B8-4228-A54A-F0DEA63CDB7B}.Debug|Any CPU.Build.0 = Debug|Any CPU
		{7AF53806-57B8-4228-A54A-F0DEA63CDB7B}.Release|Any CPU.ActiveCfg = Release|Any CPU
		{7AF53806-57B8-4228-A54A-F0DEA63CDB7B}.Release|Any CPU.Build.0 = Release|Any CPU
		{46A0EDF0-2D38-4D1D-8291-D08C99E28A20}.Debug|Any CPU.ActiveCfg = Debug|Any CPU
		{46A0EDF0-2D38-4D1D-8291-D08C99E28A20}.Debug|Any CPU.Build.0 = Debug|Any CPU
		{46A0EDF0-2D38-4D1D-8291-D08C99E28A20}.Release|Any CPU.ActiveCfg = Release|Any CPU
		{46A0EDF0-2D38-4D1D-8291-D08C99E28A20}.Release|Any CPU.Build.0 = Release|Any CPU
		{8A4AC4DB-C1FA-4C77-92AC-1D7F7D1FD373}.Debug|Any CPU.ActiveCfg = Debug|Any CPU
		{8A4AC4DB-C1FA-4C77-92AC-1D7F7D1FD373}.Debug|Any CPU.Build.0 = Debug|Any CPU
		{8A4AC4DB-C1FA-4C77-92AC-1D7F7D1FD373}.Release|Any CPU.ActiveCfg = Release|Any CPU
		{8A4AC4DB-C1FA-4C77-92AC-1D7F7D1FD373}.Release|Any CPU.Build.0 = Release|Any CPU
		{A8B0858D-780D-4E1C-928E-CEF98B346F2A}.Debug|Any CPU.ActiveCfg = Debug|Any CPU
		{A8B0858D-780D-4E1C-928E-CEF98B346F2A}.Debug|Any CPU.Build.0 = Debug|Any CPU
		{A8B0858D-780D-4E1C-928E-CEF98B346F2A}.Release|Any CPU.ActiveCfg = Release|Any CPU
		{A8B0858D-780D-4E1C-928E-CEF98B346F2A}.Release|Any CPU.Build.0 = Release|Any CPU
		{7BD7B027-4F23-4F11-BF8F-CE945F8CE62C}.Debug|Any CPU.ActiveCfg = Debug|Any CPU
		{7BD7B027-4F23-4F11-BF8F-CE945F8CE62C}.Debug|Any CPU.Build.0 = Debug|Any CPU
		{7BD7B027-4F23-4F11-BF8F-CE945F8CE62C}.Release|Any CPU.ActiveCfg = Release|Any CPU
		{7BD7B027-4F23-4F11-BF8F-CE945F8CE62C}.Release|Any CPU.Build.0 = Release|Any CPU
		{3F799DDD-4BBB-450E-8559-6A3A2704657C}.Debug|Any CPU.ActiveCfg = Debug|Any CPU
		{3F799DDD-4BBB-450E-8559-6A3A2704657C}.Debug|Any CPU.Build.0 = Debug|Any CPU
		{3F799DDD-4BBB-450E-8559-6A3A2704657C}.Release|Any CPU.ActiveCfg = Release|Any CPU
		{3F799DDD-4BBB-450E-8559-6A3A2704657C}.Release|Any CPU.Build.0 = Release|Any CPU
		{3A1842C5-1752-4CF3-A246-66A300984FCC}.Debug|Any CPU.ActiveCfg = Debug|Any CPU
		{3A1842C5-1752-4CF3-A246-66A300984FCC}.Debug|Any CPU.Build.0 = Debug|Any CPU
		{3A1842C5-1752-4CF3-A246-66A300984FCC}.Release|Any CPU.ActiveCfg = Release|Any CPU
		{3A1842C5-1752-4CF3-A246-66A300984FCC}.Release|Any CPU.Build.0 = Release|Any CPU
	EndGlobalSection
	GlobalSection(SolutionProperties) = preSolution
		HideSolutionNode = FALSE
	EndGlobalSection
	GlobalSection(ExtensibilityGlobals) = postSolution
		SolutionGuid = {A0F8B80F-1B37-47DF-A870-19D626318506}
	EndGlobalSection
EndGlobal
